
Microsoft Visual Studio Solution File, Format Version 12.00
# Visual Studio Version 16
VisualStudioVersion = 16.0.30503.244
MinimumVisualStudioVersion = 10.0.40219.1
Project("{FAE04EC0-301F-11D3-BF4B-00C04F79EFBC}") = "TextToImage", "askskyToolset\TextToImage.csproj", "{184BAE50-2233-4DA7-9195-07C983DD30FA}"
EndProject
Project("{FAE04EC0-301F-11D3-BF4B-00C04F79EFBC}") = "GetColor", "GetColor\GetColor.csproj", "{03D130E9-079F-41B9-A39B-DD3927866306}"
EndProject
Global
	GlobalSection(SolutionConfigurationPlatforms) = preSolution
		Debug|Any CPU = Debug|Any CPU
		Release|Any CPU = Release|Any CPU
	EndGlobalSection
	GlobalSection(ProjectConfigurationPlatforms) = postSolution
		{184BAE50-2233-4DA7-9195-07C983DD30FA}.Debug|Any CPU.ActiveCfg = Debug|Any CPU
		{184BAE50-2233-4DA7-9195-07C983DD30FA}.Debug|Any CPU.Build.0 = Debug|Any CPU
		{184BAE50-2233-4DA7-9195-07C983DD30FA}.Release|Any CPU.ActiveCfg = Release|Any CPU
		{184BAE50-2233-4DA7-9195-07C983DD30FA}.Release|Any CPU.Build.0 = Release|Any CPU
		{03D130E9-079F-41B9-A39B-DD3927866306}.Debug|Any CPU.ActiveCfg = Debug|Any CPU
		{03D130E9-079F-41B9-A39B-DD3927866306}.Debug|Any CPU.Build.0 = Debug|Any CPU
		{03D130E9-079F-41B9-A39B-DD3927866306}.Release|Any CPU.ActiveCfg = Release|Any CPU
		{03D130E9-079F-41B9-A39B-DD3927866306}.Release|Any CPU.Build.0 = Release|Any CPU
	EndGlobalSection
	GlobalSection(SolutionProperties) = preSolution
		HideSolutionNode = FALSE
	EndGlobalSection
	GlobalSection(ExtensibilityGlobals) = postSolution
		SolutionGuid = {38BCCC1B-919A-4AE7-BF46-FD74CD1D98C7}
	EndGlobalSection
EndGlobal
